
Microsoft Visual Studio Solution File, Format Version 12.00
# Visual Studio Version 17
VisualStudioVersion = 17.10.35122.118
MinimumVisualStudioVersion = 10.0.40219.1
Project("{FAE04EC0-301F-11D3-BF4B-00C04F79EFBC}") = "IpInfoWithBlazor", "IpInfoWithBlazor\IpInfoWithBlazor\IpInfoWithBlazor.csproj", "{9A464680-8E29-418D-B1E0-A87CC2177343}"
EndProject
Project("{FAE04EC0-301F-11D3-BF4B-00C04F79EFBC}") = "IpInfoWithBlazor.Client", "IpInfoWithBlazor\IpInfoWithBlazor.Client\IpInfoWithBlazor.Client.csproj", "{533A537C-311F-4D35-9924-82194BE8254B}"
EndProject
Global
	GlobalSection(SolutionConfigurationPlatforms) = preSolution
		Debug|Any CPU = Debug|Any CPU
		Release|Any CPU = Release|Any CPU
	EndGlobalSection
	GlobalSection(ProjectConfigurationPlatforms) = postSolution
		{9A464680-8E29-418D-B1E0-A87CC2177343}.Debug|Any CPU.ActiveCfg = Debug|Any CPU
		{9A464680-8E29-418D-B1E0-A87CC2177343}.Debug|Any CPU.Build.0 = Debug|Any CPU
		{9A464680-8E29-418D-B1E0-A87CC2177343}.Release|Any CPU.ActiveCfg = Release|Any CPU
		{9A464680-8E29-418D-B1E0-A87CC2177343}.Release|Any CPU.Build.0 = Release|Any CPU
		{533A537C-311F-4D35-9924-82194BE8254B}.Debug|Any CPU.ActiveCfg = Debug|Any CPU
		{533A537C-311F-4D35-9924-82194BE8254B}.Debug|Any CPU.Build.0 = Debug|Any CPU
		{533A537C-311F-4D35-9924-82194BE8254B}.Release|Any CPU.ActiveCfg = Release|Any CPU
		{533A537C-311F-4D35-9924-82194BE8254B}.Release|Any CPU.Build.0 = Release|Any CPU
	EndGlobalSection
	GlobalSection(SolutionProperties) = preSolution
		HideSolutionNode = FALSE
	EndGlobalSection
	GlobalSection(ExtensibilityGlobals) = postSolution
		SolutionGuid = {EED6A589-D6AE-472B-B154-88032D6CF7ED}
	EndGlobalSection
EndGlobal
